
Microsoft Visual Studio Solution File, Format Version 12.00
# Visual Studio Version 16
VisualStudioVersion = 16.0.31005.135
MinimumVisualStudioVersion = 10.0.40219.1
Project("{9A19103F-16F7-4668-BE54-9A1E7A4F7556}") = "SignUpApi", "SignUpApi\SignUpApi.csproj", "{80C50AFC-19E2-42E6-90B5-77C045231CDD}"
EndProject
Project("{FAE04EC0-301F-11D3-BF4B-00C04F79EFBC}") = "SignUpApi.Tests", "SignUpApi.Tests\SignUpApi.Tests.csproj", "{C822E45B-CA9B-4272-9D01-DD90B50CE1B2}"
EndProject
Global
	GlobalSection(SolutionConfigurationPlatforms) = preSolution
		Debug|Any CPU = Debug|Any CPU
		Release|Any CPU = Release|Any CPU
	EndGlobalSection
	GlobalSection(ProjectConfigurationPlatforms) = postSolution
		{80C50AFC-19E2-42E6-90B5-77C045231CDD}.Debug|Any CPU.ActiveCfg = Debug|Any CPU
		{80C50AFC-19E2-42E6-90B5-77C045231CDD}.Debug|Any CPU.Build.0 = Debug|Any CPU
		{80C50AFC-19E2-42E6-90B5-77C045231CDD}.Release|Any CPU.ActiveCfg = Release|Any CPU
		{80C50AFC-19E2-42E6-90B5-77C045231CDD}.Release|Any CPU.Build.0 = Release|Any CPU
		{C822E45B-CA9B-4272-9D01-DD90B50CE1B2}.Debug|Any CPU.ActiveCfg = Debug|Any CPU
		{C822E45B-CA9B-4272-9D01-DD90B50CE1B2}.Debug|Any CPU.Build.0 = Debug|Any CPU
		{C822E45B-CA9B-4272-9D01-DD90B50CE1B2}.Release|Any CPU.ActiveCfg = Release|Any CPU
		{C822E45B-CA9B-4272-9D01-DD90B50CE1B2}.Release|Any CPU.Build.0 = Release|Any CPU
	EndGlobalSection
	GlobalSection(SolutionProperties) = preSolution
		HideSolutionNode = FALSE
	EndGlobalSection
	GlobalSection(ExtensibilityGlobals) = postSolution
		SolutionGuid = {6A92D412-67A5-4DA4-AF5C-EEDE77D5CBB8}
	EndGlobalSection
EndGlobal
